
Microsoft Visual Studio Solution File, Format Version 12.00
# Visual Studio Version 17
VisualStudioVersion = 17.1.32319.34
MinimumVisualStudioVersion = 10.0.40219.1
Project("{9A19103F-16F7-4668-BE54-9A1E7A4F7556}") = "My_Pizzaria", "My_Pizzaria\My_Pizzaria.csproj", "{551FF16C-1851-4071-BF4D-D82009236742}"
EndProject
Global
	GlobalSection(SolutionConfigurationPlatforms) = preSolution
		Debug|Any CPU = Debug|Any CPU
		Release|Any CPU = Release|Any CPU
	EndGlobalSection
	GlobalSection(ProjectConfigurationPlatforms) = postSolution
		{551FF16C-1851-4071-BF4D-D82009236742}.Debug|Any CPU.ActiveCfg = Debug|Any CPU
		{551FF16C-1851-4071-BF4D-D82009236742}.Debug|Any CPU.Build.0 = Debug|Any CPU
		{551FF16C-1851-4071-BF4D-D82009236742}.Release|Any CPU.ActiveCfg = Release|Any CPU
		{551FF16C-1851-4071-BF4D-D82009236742}.Release|Any CPU.Build.0 = Release|Any CPU
	EndGlobalSection
	GlobalSection(SolutionProperties) = preSolution
		HideSolutionNode = FALSE
	EndGlobalSection
	GlobalSection(ExtensibilityGlobals) = postSolution
		SolutionGuid = {A4377AE6-77FD-4E41-B225-CC6051787350}
	EndGlobalSection
EndGlobal
